# This file was autogenerated by Stack.
# You should not edit this file by hand.
# For more information, please see the documentation at:
#   https://docs.haskellstack.org/en/stable/lock_files

packages: []
snapshots:
- completed:
    size: 596812
    url: https://raw.githubusercontent.com/commercialhaskell/stackage-snapshots/master/nightly/2021/11/19.yaml
    sha256: d4ebfabe1a2cc08a1521073ab0c9fd00036350518bfdd148ea7316690f39504d
  original: nightly-2021-11-19
