# This file was autogenerated by Stack.
# You should not edit this file by hand.
# For more information, please see the documentation at:
#   https://docs.haskellstack.org/en/stable/lock_files

packages: []
snapshots:
- completed:
    sha256: fb482b8e2d5d061cdda4ba1da2957c012740c893a5ee1c1b99001adae7b1fbe7
    size: 640046
    url: https://raw.githubusercontent.com/commercialhaskell/stackage-snapshots/master/lts/21/19.yaml
  original:
    url: https://raw.githubusercontent.com/commercialhaskell/stackage-snapshots/master/lts/21/19.yaml
